{
  "nodes": {
    "atomipkgs": {
      "inputs": {
        "dev-atomi_classic": "dev-atomi_classic",
        "dev-npkgs": "dev-npkgs",
        "dev-npkgs-unstable-05-Oct-2022": "dev-npkgs-unstable-05-Oct-2022",
        "dev-npkgs-unstable-11-Dec-2022": "dev-npkgs-unstable-11-Dec-2022",
        "dev-npkgs-unstable-20-Sep-2023": "dev-npkgs-unstable-20-Sep-2023",
        "fenix": "fenix",
        "flake-utils": "flake-utils_2",
        "npkgs": "npkgs",
        "npkgs-unstable": "npkgs-unstable"
      },
      "locked": {
        "lastModified": 1699420928,
        "narHash": "sha256-bDYp1tzRGzt06sHfV2jbB7tMl1s6UHNmBcchqIQsFmw=",
        "owner": "kirinnee",
        "repo": "test-nix-repo",
        "rev": "6ef3b8ca3ff37fe18c2e31c4f764832b52ad1f73",
        "type": "github"
      },
      "original": {
        "owner": "kirinnee",
        "ref": "v22.2.0",
        "repo": "test-nix-repo",
        "type": "github"
      }
    },
    "atomipkgs_2": {
      "inputs": {
        "dev-atomi_classic": "dev-atomi_classic_2",
        "dev-npkgs": "dev-npkgs_2",
        "dev-npkgs-unstable-05-Oct-2022": "dev-npkgs-unstable-05-Oct-2022_2",
        "dev-npkgs-unstable-11-Dec-2022": "dev-npkgs-unstable-11-Dec-2022_2",
        "dev-npkgs-unstable-20-Sep-2023": "dev-npkgs-unstable-20-Sep-2023_2",
        "fenix": "fenix_2",
        "flake-utils": "flake-utils_5",
        "npkgs": "npkgs_2",
        "npkgs-unstable": "npkgs-unstable_2"
      },
      "locked": {
        "lastModified": 1699420928,
        "narHash": "sha256-bDYp1tzRGzt06sHfV2jbB7tMl1s6UHNmBcchqIQsFmw=",
        "owner": "kirinnee",
        "repo": "test-nix-repo",
        "rev": "6ef3b8ca3ff37fe18c2e31c4f764832b52ad1f73",
        "type": "github"
      },
      "original": {
        "owner": "kirinnee",
        "ref": "v22.2.0",
        "repo": "test-nix-repo",
        "type": "github"
      }
    },
    "atomipkgs_classic": {
      "inputs": {
        "flake-utils": "flake-utils_3",
        "pkgs": "pkgs_2",
        "pkgs_25_Jul_2021": "pkgs_25_Jul_2021_2"
      },
      "locked": {
        "lastModified": 1689236000,
        "narHash": "sha256-MEqyIPlD4ueJji6FtfDs8qqZifM9hyYH1svBs3oxrrc=",
        "owner": "kirinnee",
        "repo": "test-nix-repo",
        "rev": "2d9d80544d2e81ff736fa23345ad0a9cc5a6c8ab",
        "type": "github"
      },
      "original": {
        "owner": "kirinnee",
        "ref": "classic",
        "repo": "test-nix-repo",
        "type": "github"
      }
    },
    "atomipkgs_classic_2": {
      "inputs": {
        "flake-utils": "flake-utils_6",
        "pkgs": "pkgs_4",
        "pkgs_25_Jul_2021": "pkgs_25_Jul_2021_4"
      },
      "locked": {
        "lastModified": 1689236000,
        "narHash": "sha256-MEqyIPlD4ueJji6FtfDs8qqZifM9hyYH1svBs3oxrrc=",
        "owner": "kirinnee",
        "repo": "test-nix-repo",
        "rev": "2d9d80544d2e81ff736fa23345ad0a9cc5a6c8ab",
        "type": "github"
      },
      "original": {
        "owner": "kirinnee",
        "ref": "classic",
        "repo": "test-nix-repo",
        "type": "github"
      }
    },
    "cyanprint": {
      "inputs": {
        "atomipkgs": "atomipkgs_2",
        "atomipkgs_classic": "atomipkgs_classic_2",
        "fenix": "fenix_3",
        "flake-utils": "flake-utils_7",
        "nixpkgs": "nixpkgs_3",
        "nixpkgs-2305": "nixpkgs-2305",
        "nixpkgs-nov-07-23": "nixpkgs-nov-07-23",
        "nixpkgs-sep-04-23": "nixpkgs-sep-04-23",
        "pre-commit-hooks": "pre-commit-hooks",
        "treefmt-nix": "treefmt-nix"
      },
      "locked": {
        "lastModified": 1699884053,
        "narHash": "sha256-pzlzMf9YZ1zZPeNrbE4JZcY4NL/KfXGYKJJrZ5M5czo=",
        "owner": "AtomiCloud",
        "repo": "sulfone.iridium",
        "rev": "6915be8c331d48682e43ab2dbbc6302dceb44a15",
        "type": "github"
      },
      "original": {
        "owner": "AtomiCloud",
        "repo": "sulfone.iridium",
        "type": "github"
      }
    },
    "dev-atomi_classic": {
      "inputs": {
        "flake-utils": "flake-utils",
        "pkgs": "pkgs",
        "pkgs_25_Jul_2021": "pkgs_25_Jul_2021"
      },
      "locked": {
        "lastModified": 1689236000,
        "narHash": "sha256-MEqyIPlD4ueJji6FtfDs8qqZifM9hyYH1svBs3oxrrc=",
        "owner": "kirinnee",
        "repo": "test-nix-repo",
        "rev": "2d9d80544d2e81ff736fa23345ad0a9cc5a6c8ab",
        "type": "github"
      },
      "original": {
        "owner": "kirinnee",
        "ref": "classic",
        "repo": "test-nix-repo",
        "type": "github"
      }
    },
    "dev-atomi_classic_2": {
      "inputs": {
        "flake-utils": "flake-utils_4",
        "pkgs": "pkgs_3",
        "pkgs_25_Jul_2021": "pkgs_25_Jul_2021_3"
      },
      "locked": {
        "lastModified": 1689236000,
        "narHash": "sha256-MEqyIPlD4ueJji6FtfDs8qqZifM9hyYH1svBs3oxrrc=",
        "owner": "kirinnee",
        "repo": "test-nix-repo",
        "rev": "2d9d80544d2e81ff736fa23345ad0a9cc5a6c8ab",
        "type": "github"
      },
      "original": {
        "owner": "kirinnee",
        "ref": "classic",
        "repo": "test-nix-repo",
        "type": "github"
      }
    },
    "dev-npkgs": {
      "locked": {
        "lastModified": 1689048911,
        "narHash": "sha256-pODI2CkjWbSLo5nPMZoLtkRNJU/Nr3VSITXZqqmNtIk=",
        "owner": "nixos",
        "repo": "nixpkgs",
        "rev": "8163a64662b43848802092d52015ef60777d6129",
        "type": "github"
      },
      "original": {
        "owner": "nixos",
        "ref": "nixos-23.05",
        "repo": "nixpkgs",
        "type": "github"
      }
    },
    "dev-npkgs-unstable-05-Oct-2022": {
      "locked": {
        "lastModified": 1664847737,
        "narHash": "sha256-Wxl0CtRH3Vo8+qEZ/PbCcx+9D8wEEi56tJPmROum2ss=",
        "owner": "NixOS",
        "repo": "nixpkgs",
        "rev": "de80d1d04ee691279e1302a1128c082bbda3ab01",
        "type": "github"
      },
      "original": {
        "id": "nixpkgs",
        "rev": "de80d1d04ee691279e1302a1128c082bbda3ab01",
        "type": "indirect"
      }
    },
    "dev-npkgs-unstable-05-Oct-2022_2": {
      "locked": {
        "lastModified": 1664847737,
        "narHash": "sha256-Wxl0CtRH3Vo8+qEZ/PbCcx+9D8wEEi56tJPmROum2ss=",
        "owner": "NixOS",
        "repo": "nixpkgs",
        "rev": "de80d1d04ee691279e1302a1128c082bbda3ab01",
        "type": "github"
      },
      "original": {
        "id": "nixpkgs",
        "rev": "de80d1d04ee691279e1302a1128c082bbda3ab01",
        "type": "indirect"
      }
    },
    "dev-npkgs-unstable-11-Dec-2022": {
      "locked": {
        "lastModified": 1670681895,
        "narHash": "sha256-kZH9DSU36W4fn1z81a/24JCGkU517TcY50VE0RFJ9k4=",
        "owner": "NixOS",
        "repo": "nixpkgs",
        "rev": "f82f0ec1b70b2879c3f3d9a1015a05c73a90a17c",
        "type": "github"
      },
      "original": {
        "id": "nixpkgs",
        "rev": "f82f0ec1b70b2879c3f3d9a1015a05c73a90a17c",
        "type": "indirect"
      }
    },
    "dev-npkgs-unstable-11-Dec-2022_2": {
      "locked": {
        "lastModified": 1670681895,
        "narHash": "sha256-kZH9DSU36W4fn1z81a/24JCGkU517TcY50VE0RFJ9k4=",
        "owner": "NixOS",
        "repo": "nixpkgs",
        "rev": "f82f0ec1b70b2879c3f3d9a1015a05c73a90a17c",
        "type": "github"
      },
      "original": {
        "id": "nixpkgs",
        "rev": "f82f0ec1b70b2879c3f3d9a1015a05c73a90a17c",
        "type": "indirect"
      }
    },
    "dev-npkgs-unstable-20-Sep-2023": {
      "locked": {
        "lastModified": 1694959747,
        "narHash": "sha256-CXQ2MuledDVlVM5dLC4pB41cFlBWxRw4tCBsFrq3cRk=",
        "owner": "NixOS",
        "repo": "nixpkgs",
        "rev": "970a59bd19eff3752ce552935687100c46e820a5",
        "type": "github"
      },
      "original": {
        "id": "nixpkgs",
        "rev": "970a59bd19eff3752ce552935687100c46e820a5",
        "type": "indirect"
      }
    },
    "dev-npkgs-unstable-20-Sep-2023_2": {
      "locked": {
        "lastModified": 1694959747,
        "narHash": "sha256-CXQ2MuledDVlVM5dLC4pB41cFlBWxRw4tCBsFrq3cRk=",
        "owner": "NixOS",
        "repo": "nixpkgs",
        "rev": "970a59bd19eff3752ce552935687100c46e820a5",
        "type": "github"
      },
      "original": {
        "id": "nixpkgs",
        "rev": "970a59bd19eff3752ce552935687100c46e820a5",
        "type": "indirect"
      }
    },
    "dev-npkgs_2": {
      "locked": {
        "lastModified": 1689048911,
        "narHash": "sha256-pODI2CkjWbSLo5nPMZoLtkRNJU/Nr3VSITXZqqmNtIk=",
        "owner": "nixos",
        "repo": "nixpkgs",
        "rev": "8163a64662b43848802092d52015ef60777d6129",
        "type": "github"
      },
      "original": {
        "owner": "nixos",
        "ref": "nixos-23.05",
        "repo": "nixpkgs",
        "type": "github"
      }
    },
    "fenix": {
      "inputs": {
        "nixpkgs": "nixpkgs",
        "rust-analyzer-src": "rust-analyzer-src"
      },
      "locked": {
        "lastModified": 1695363721,
        "narHash": "sha256-+VRVzXpWdSsZPcR2Cg9Q5LKhUQDVvoQFfH4V8iKNAkU=",
        "owner": "nix-community",
        "repo": "fenix",
        "rev": "cb59ad177b991978ff571388bf8df6fed32e6bc2",
        "type": "github"
      },
      "original": {
        "owner": "nix-community",
        "repo": "fenix",
        "type": "github"
      }
    },
    "fenix_2": {
      "inputs": {
        "nixpkgs": "nixpkgs_2",
        "rust-analyzer-src": "rust-analyzer-src_2"
      },
      "locked": {
        "lastModified": 1695363721,
        "narHash": "sha256-+VRVzXpWdSsZPcR2Cg9Q5LKhUQDVvoQFfH4V8iKNAkU=",
        "owner": "nix-community",
        "repo": "fenix",
        "rev": "cb59ad177b991978ff571388bf8df6fed32e6bc2",
        "type": "github"
      },
      "original": {
        "owner": "nix-community",
        "repo": "fenix",
        "type": "github"
      }
    },
    "fenix_3": {
      "inputs": {
        "nixpkgs": [
          "cyanprint",
          "nixpkgs"
        ],
        "rust-analyzer-src": "rust-analyzer-src_3"
      },
      "locked": {
        "lastModified": 1693894882,
        "narHash": "sha256-t3z7trhpeZKBckwQkXdXG3FvL9spxCyyVAO9LZ9oZyI=",
        "owner": "nix-community",
        "repo": "fenix",
        "rev": "52a05c3c76b3e2b627edc81d57ab35877846bfae",
        "type": "github"
      },
      "original": {
        "owner": "nix-community",
        "repo": "fenix",
        "type": "github"
      }
    },
    "flake-compat": {
      "flake": false,
      "locked": {
        "lastModified": 1673956053,
        "narHash": "sha256-4gtG9iQuiKITOjNQQeQIpoIB6b16fm+504Ch3sNKLd8=",
        "owner": "edolstra",
        "repo": "flake-compat",
        "rev": "35bb57c0c8d8b62bbfd284272c928ceb64ddbde9",
        "type": "github"
      },
      "original": {
        "owner": "edolstra",
        "repo": "flake-compat",
        "type": "github"
      }
    },
    "flake-compat_2": {
      "flake": false,
      "locked": {
        "lastModified": 1673956053,
        "narHash": "sha256-4gtG9iQuiKITOjNQQeQIpoIB6b16fm+504Ch3sNKLd8=",
        "owner": "edolstra",
        "repo": "flake-compat",
        "rev": "35bb57c0c8d8b62bbfd284272c928ceb64ddbde9",
        "type": "github"
      },
      "original": {
        "owner": "edolstra",
        "repo": "flake-compat",
        "type": "github"
      }
    },
    "flake-utils": {
      "inputs": {
        "systems": "systems"
      },
      "locked": {
        "lastModified": 1689068808,
        "narHash": "sha256-6ixXo3wt24N/melDWjq70UuHQLxGV8jZvooRanIHXw0=",
        "owner": "numtide",
        "repo": "flake-utils",
        "rev": "919d646de7be200f3bf08cb76ae1f09402b6f9b4",
        "type": "github"
      },
      "original": {
        "owner": "numtide",
        "repo": "flake-utils",
        "type": "github"
      }
    },
    "flake-utils_10": {
      "inputs": {
        "systems": "systems_10"
      },
      "locked": {
        "lastModified": 1685518550,
        "narHash": "sha256-o2d0KcvaXzTrPRIo0kOLV0/QXHhDQ5DTi+OxcjO8xqY=",
        "owner": "numtide",
        "repo": "flake-utils",
        "rev": "a1720a10a6cfe8234c0e93907ffe81be440f4cef",
        "type": "github"
      },
      "original": {
        "owner": "numtide",
        "repo": "flake-utils",
        "type": "github"
      }
    },
    "flake-utils_2": {
      "inputs": {
        "systems": "systems_2"
      },
      "locked": {
        "lastModified": 1689068808,
        "narHash": "sha256-6ixXo3wt24N/melDWjq70UuHQLxGV8jZvooRanIHXw0=",
        "owner": "numtide",
        "repo": "flake-utils",
        "rev": "919d646de7be200f3bf08cb76ae1f09402b6f9b4",
        "type": "github"
      },
      "original": {
        "owner": "numtide",
        "repo": "flake-utils",
        "type": "github"
      }
    },
    "flake-utils_3": {
      "inputs": {
        "systems": "systems_3"
      },
      "locked": {
        "lastModified": 1689068808,
        "narHash": "sha256-6ixXo3wt24N/melDWjq70UuHQLxGV8jZvooRanIHXw0=",
        "owner": "numtide",
        "repo": "flake-utils",
        "rev": "919d646de7be200f3bf08cb76ae1f09402b6f9b4",
        "type": "github"
      },
      "original": {
        "owner": "numtide",
        "repo": "flake-utils",
        "type": "github"
      }
    },
    "flake-utils_4": {
      "inputs": {
        "systems": "systems_4"
      },
      "locked": {
        "lastModified": 1689068808,
        "narHash": "sha256-6ixXo3wt24N/melDWjq70UuHQLxGV8jZvooRanIHXw0=",
        "owner": "numtide",
        "repo": "flake-utils",
        "rev": "919d646de7be200f3bf08cb76ae1f09402b6f9b4",
        "type": "github"
      },
      "original": {
        "owner": "numtide",
        "repo": "flake-utils",
        "type": "github"
      }
    },
    "flake-utils_5": {
      "inputs": {
        "systems": "systems_5"
      },
      "locked": {
        "lastModified": 1689068808,
        "narHash": "sha256-6ixXo3wt24N/melDWjq70UuHQLxGV8jZvooRanIHXw0=",
        "owner": "numtide",
        "repo": "flake-utils",
        "rev": "919d646de7be200f3bf08cb76ae1f09402b6f9b4",
        "type": "github"
      },
      "original": {
        "owner": "numtide",
        "repo": "flake-utils",
        "type": "github"
      }
    },
    "flake-utils_6": {
      "inputs": {
        "systems": "systems_6"
      },
      "locked": {
        "lastModified": 1689068808,
        "narHash": "sha256-6ixXo3wt24N/melDWjq70UuHQLxGV8jZvooRanIHXw0=",
        "owner": "numtide",
        "repo": "flake-utils",
        "rev": "919d646de7be200f3bf08cb76ae1f09402b6f9b4",
        "type": "github"
      },
      "original": {
        "owner": "numtide",
        "repo": "flake-utils",
        "type": "github"
      }
    },
    "flake-utils_7": {
      "inputs": {
        "systems": "systems_7"
      },
      "locked": {
        "lastModified": 1692799911,
        "narHash": "sha256-3eihraek4qL744EvQXsK1Ha6C3CR7nnT8X2qWap4RNk=",
        "owner": "numtide",
        "repo": "flake-utils",
        "rev": "f9e7cf818399d17d347f847525c5a5a8032e4e44",
        "type": "github"
      },
      "original": {
        "owner": "numtide",
        "repo": "flake-utils",
        "type": "github"
      }
    },
    "flake-utils_8": {
      "inputs": {
        "systems": "systems_8"
      },
      "locked": {
        "lastModified": 1685518550,
        "narHash": "sha256-o2d0KcvaXzTrPRIo0kOLV0/QXHhDQ5DTi+OxcjO8xqY=",
        "owner": "numtide",
        "repo": "flake-utils",
        "rev": "a1720a10a6cfe8234c0e93907ffe81be440f4cef",
        "type": "github"
      },
      "original": {
        "owner": "numtide",
        "repo": "flake-utils",
        "type": "github"
      }
    },
    "flake-utils_9": {
      "inputs": {
        "systems": "systems_9"
      },
      "locked": {
        "lastModified": 1694529238,
        "narHash": "sha256-zsNZZGTGnMOf9YpHKJqMSsa0dXbfmxeoJ7xHlrt+xmY=",
        "owner": "numtide",
        "repo": "flake-utils",
        "rev": "ff7b65b44d01cf9ba6a71320833626af21126384",
        "type": "github"
      },
      "original": {
        "owner": "numtide",
        "repo": "flake-utils",
        "type": "github"
      }
    },
    "gitignore": {
      "inputs": {
        "nixpkgs": [
          "cyanprint",
          "pre-commit-hooks",
          "nixpkgs"
        ]
      },
      "locked": {
        "lastModified": 1660459072,
        "narHash": "sha256-8DFJjXG8zqoONA1vXtgeKXy68KdJL5UaXR8NtVMUbx8=",
        "owner": "hercules-ci",
        "repo": "gitignore.nix",
        "rev": "a20de23b925fd8264fd7fad6454652e142fd7f73",
        "type": "github"
      },
      "original": {
        "owner": "hercules-ci",
        "repo": "gitignore.nix",
        "type": "github"
      }
    },
    "gitignore_2": {
      "inputs": {
        "nixpkgs": [
          "pre-commit-hooks",
          "nixpkgs"
        ]
      },
      "locked": {
        "lastModified": 1660459072,
        "narHash": "sha256-8DFJjXG8zqoONA1vXtgeKXy68KdJL5UaXR8NtVMUbx8=",
        "owner": "hercules-ci",
        "repo": "gitignore.nix",
        "rev": "a20de23b925fd8264fd7fad6454652e142fd7f73",
        "type": "github"
      },
      "original": {
        "owner": "hercules-ci",
        "repo": "gitignore.nix",
        "type": "github"
      }
    },
    "nixpkgs": {
      "locked": {
        "lastModified": 1695145219,
        "narHash": "sha256-Eoe9IHbvmo5wEDeJXKFOpKUwxYJIOxKUesounVccNYk=",
        "owner": "nixos",
        "repo": "nixpkgs",
        "rev": "5ba549eafcf3e33405e5f66decd1a72356632b96",
        "type": "github"
      },
      "original": {
        "owner": "nixos",
        "ref": "nixos-unstable",
        "repo": "nixpkgs",
        "type": "github"
      }
    },
    "nixpkgs-2305": {
      "locked": {
        "lastModified": 1693771906,
        "narHash": "sha256-32EnPCaVjOiEERZ+o/2Ir7JH9pkfwJZJ27SKHNvt4yk=",
        "owner": "NixOS",
        "repo": "nixpkgs",
        "rev": "da5adce0ffaff10f6d0fee72a02a5ed9d01b52fc",
        "type": "github"
      },
      "original": {
        "id": "nixpkgs",
        "ref": "nixos-23.05",
        "type": "indirect"
      }
    },
    "nixpkgs-2305_2": {
      "locked": {
        "lastModified": 1699596684,
        "narHash": "sha256-XSXP8zjBZJBVvpNb2WmY0eW8O2ce+sVyj1T0/iBRIvg=",
        "owner": "NixOS",
        "repo": "nixpkgs",
        "rev": "da4024d0ead5d7820f6bd15147d3fe2a0c0cec73",
        "type": "github"
      },
      "original": {
        "id": "nixpkgs",
        "ref": "nixos-23.05",
        "type": "indirect"
      }
    },
    "nixpkgs-nov-07-23": {
      "locked": {
        "lastModified": 1699099776,
        "narHash": "sha256-X09iKJ27mGsGambGfkKzqvw5esP1L/Rf8H3u3fCqIiU=",
        "owner": "NixOS",
        "repo": "nixpkgs",
        "rev": "85f1ba3e51676fa8cc604a3d863d729026a6b8eb",
        "type": "github"
      },
      "original": {
        "id": "nixpkgs",
        "rev": "85f1ba3e51676fa8cc604a3d863d729026a6b8eb",
        "type": "indirect"
      }
    },
    "nixpkgs-nov-08-23": {
      "locked": {
        "lastModified": 1699099776,
        "narHash": "sha256-X09iKJ27mGsGambGfkKzqvw5esP1L/Rf8H3u3fCqIiU=",
        "owner": "NixOS",
        "repo": "nixpkgs",
        "rev": "85f1ba3e51676fa8cc604a3d863d729026a6b8eb",
        "type": "github"
      },
      "original": {
        "id": "nixpkgs",
        "rev": "85f1ba3e51676fa8cc604a3d863d729026a6b8eb",
        "type": "indirect"
      }
    },
    "nixpkgs-sep-04-23": {
      "locked": {
        "lastModified": 1693714546,
        "narHash": "sha256-3EMJZeGSZT6pD1eNwI/6Yc0R4rxklNvJ2SDFcsCnjpM=",
        "owner": "NixOS",
        "repo": "nixpkgs",
        "rev": "d816b5ab44187a2dd84806630ce77a733724f95f",
        "type": "github"
      },
      "original": {
        "id": "nixpkgs",
        "rev": "d816b5ab44187a2dd84806630ce77a733724f95f",
        "type": "indirect"
      }
    },
    "nixpkgs-stable": {
      "locked": {
        "lastModified": 1685801374,
        "narHash": "sha256-otaSUoFEMM+LjBI1XL/xGB5ao6IwnZOXc47qhIgJe8U=",
        "owner": "NixOS",
        "repo": "nixpkgs",
        "rev": "c37ca420157f4abc31e26f436c1145f8951ff373",
        "type": "github"
      },
      "original": {
        "owner": "NixOS",
        "ref": "nixos-23.05",
        "repo": "nixpkgs",
        "type": "github"
      }
    },
    "nixpkgs-stable_2": {
      "locked": {
        "lastModified": 1685801374,
        "narHash": "sha256-otaSUoFEMM+LjBI1XL/xGB5ao6IwnZOXc47qhIgJe8U=",
        "owner": "NixOS",
        "repo": "nixpkgs",
        "rev": "c37ca420157f4abc31e26f436c1145f8951ff373",
        "type": "github"
      },
      "original": {
        "owner": "NixOS",
        "ref": "nixos-23.05",
        "repo": "nixpkgs",
        "type": "github"
      }
    },
    "nixpkgs_2": {
      "locked": {
        "lastModified": 1695145219,
        "narHash": "sha256-Eoe9IHbvmo5wEDeJXKFOpKUwxYJIOxKUesounVccNYk=",
        "owner": "nixos",
        "repo": "nixpkgs",
        "rev": "5ba549eafcf3e33405e5f66decd1a72356632b96",
        "type": "github"
      },
      "original": {
        "owner": "nixos",
        "ref": "nixos-unstable",
        "repo": "nixpkgs",
        "type": "github"
      }
    },
    "nixpkgs_3": {
      "locked": {
        "lastModified": 1693714546,
        "narHash": "sha256-3EMJZeGSZT6pD1eNwI/6Yc0R4rxklNvJ2SDFcsCnjpM=",
        "owner": "NixOS",
        "repo": "nixpkgs",
        "rev": "d816b5ab44187a2dd84806630ce77a733724f95f",
        "type": "github"
      },
      "original": {
        "id": "nixpkgs",
        "rev": "d816b5ab44187a2dd84806630ce77a733724f95f",
        "type": "indirect"
      }
    },
    "nixpkgs_4": {
      "locked": {
        "lastModified": 1689261696,
        "narHash": "sha256-LzfUtFs9MQRvIoQ3MfgSuipBVMXslMPH/vZ+nM40LkA=",
        "owner": "NixOS",
        "repo": "nixpkgs",
        "rev": "df1eee2aa65052a18121ed4971081576b25d6b5c",
        "type": "github"
      },
      "original": {
        "owner": "NixOS",
        "ref": "nixpkgs-unstable",
        "repo": "nixpkgs",
        "type": "github"
      }
    },
    "nixpkgs_5": {
      "locked": {
        "lastModified": 1691654369,
        "narHash": "sha256-gSILTEx1jRaJjwZxRlnu3ZwMn1FVNk80qlwiCX8kmpo=",
        "owner": "nixos",
        "repo": "nixpkgs",
        "rev": "ce5e4a6ef2e59d89a971bc434ca8ca222b9c7f5e",
        "type": "github"
      },
      "original": {
        "owner": "nixos",
        "ref": "nixos-unstable",
        "repo": "nixpkgs",
        "type": "github"
      }
    },
    "nixpkgs_6": {
      "locked": {
        "lastModified": 1693714546,
        "narHash": "sha256-3EMJZeGSZT6pD1eNwI/6Yc0R4rxklNvJ2SDFcsCnjpM=",
        "owner": "NixOS",
        "repo": "nixpkgs",
        "rev": "d816b5ab44187a2dd84806630ce77a733724f95f",
        "type": "github"
      },
      "original": {
        "id": "nixpkgs",
        "rev": "d816b5ab44187a2dd84806630ce77a733724f95f",
        "type": "indirect"
      }
    },
    "nixpkgs_7": {
      "locked": {
        "lastModified": 1689261696,
        "narHash": "sha256-LzfUtFs9MQRvIoQ3MfgSuipBVMXslMPH/vZ+nM40LkA=",
        "owner": "NixOS",
        "repo": "nixpkgs",
        "rev": "df1eee2aa65052a18121ed4971081576b25d6b5c",
        "type": "github"
      },
      "original": {
        "owner": "NixOS",
        "ref": "nixpkgs-unstable",
        "repo": "nixpkgs",
        "type": "github"
      }
    },
    "nixpkgs_8": {
      "locked": {
        "lastModified": 1695644571,
        "narHash": "sha256-asS9dCCdlt1lPq0DLwkVBbVoEKuEuz+Zi3DG7pR/RxA=",
        "owner": "nixos",
        "repo": "nixpkgs",
        "rev": "6500b4580c2a1f3d0f980d32d285739d8e156d92",
        "type": "github"
      },
      "original": {
        "owner": "nixos",
        "ref": "nixos-unstable",
        "repo": "nixpkgs",
        "type": "github"
      }
    },
    "npkgs": {
      "locked": {
        "lastModified": 1689048911,
        "narHash": "sha256-pODI2CkjWbSLo5nPMZoLtkRNJU/Nr3VSITXZqqmNtIk=",
        "owner": "nixos",
        "repo": "nixpkgs",
        "rev": "8163a64662b43848802092d52015ef60777d6129",
        "type": "github"
      },
      "original": {
        "owner": "nixos",
        "ref": "nixos-23.05",
        "repo": "nixpkgs",
        "type": "github"
      }
    },
    "npkgs-unstable": {
      "locked": {
        "lastModified": 1689008574,
        "narHash": "sha256-VFMgyHDiqsGDkRg73alv6OdHJAqhybryWHv77bSCGIw=",
        "owner": "nixos",
        "repo": "nixpkgs",
        "rev": "4a729ce4b1fe5ec4fffc71c67c96aa5184ebb462",
        "type": "github"
      },
      "original": {
        "owner": "nixos",
        "ref": "nixos-unstable",
        "repo": "nixpkgs",
        "type": "github"
      }
    },
    "npkgs-unstable_2": {
      "locked": {
        "lastModified": 1689008574,
        "narHash": "sha256-VFMgyHDiqsGDkRg73alv6OdHJAqhybryWHv77bSCGIw=",
        "owner": "nixos",
        "repo": "nixpkgs",
        "rev": "4a729ce4b1fe5ec4fffc71c67c96aa5184ebb462",
        "type": "github"
      },
      "original": {
        "owner": "nixos",
        "ref": "nixos-unstable",
        "repo": "nixpkgs",
        "type": "github"
      }
    },
    "npkgs_2": {
      "locked": {
        "lastModified": 1689048911,
        "narHash": "sha256-pODI2CkjWbSLo5nPMZoLtkRNJU/Nr3VSITXZqqmNtIk=",
        "owner": "nixos",
        "repo": "nixpkgs",
        "rev": "8163a64662b43848802092d52015ef60777d6129",
        "type": "github"
      },
      "original": {
        "owner": "nixos",
        "ref": "nixos-23.05",
        "repo": "nixpkgs",
        "type": "github"
      }
    },
    "pkgs": {
      "locked": {
        "lastModified": 1643805626,
        "narHash": "sha256-AXLDVMG+UaAGsGSpOtQHPIKB+IZ0KSd9WS77aanGzgc=",
        "owner": "NixOS",
        "repo": "nixpkgs",
        "rev": "554d2d8aa25b6e583575459c297ec23750adb6cb",
        "type": "github"
      },
      "original": {
        "id": "nixpkgs",
        "rev": "554d2d8aa25b6e583575459c297ec23750adb6cb",
        "type": "indirect"
      }
    },
    "pkgs_2": {
      "locked": {
        "lastModified": 1643805626,
        "narHash": "sha256-AXLDVMG+UaAGsGSpOtQHPIKB+IZ0KSd9WS77aanGzgc=",
        "owner": "NixOS",
        "repo": "nixpkgs",
        "rev": "554d2d8aa25b6e583575459c297ec23750adb6cb",
        "type": "github"
      },
      "original": {
        "id": "nixpkgs",
        "rev": "554d2d8aa25b6e583575459c297ec23750adb6cb",
        "type": "indirect"
      }
    },
    "pkgs_25_Jul_2021": {
      "locked": {
        "lastModified": 1627107260,
        "narHash": "sha256-CwvSwz3kvpp7uEFyOj2Dq6bdtY6P2N0Bzd7ZVgsIICw=",
        "owner": "NixOS",
        "repo": "nixpkgs",
        "rev": "537678cb1ead06fca831077c3b193566cbc3f406",
        "type": "github"
      },
      "original": {
        "id": "nixpkgs",
        "rev": "537678cb1ead06fca831077c3b193566cbc3f406",
        "type": "indirect"
      }
    },
    "pkgs_25_Jul_2021_2": {
      "locked": {
        "lastModified": 1627107260,
        "narHash": "sha256-CwvSwz3kvpp7uEFyOj2Dq6bdtY6P2N0Bzd7ZVgsIICw=",
        "owner": "NixOS",
        "repo": "nixpkgs",
        "rev": "537678cb1ead06fca831077c3b193566cbc3f406",
        "type": "github"
      },
      "original": {
        "id": "nixpkgs",
        "rev": "537678cb1ead06fca831077c3b193566cbc3f406",
        "type": "indirect"
      }
    },
    "pkgs_25_Jul_2021_3": {
      "locked": {
        "lastModified": 1627107260,
        "narHash": "sha256-CwvSwz3kvpp7uEFyOj2Dq6bdtY6P2N0Bzd7ZVgsIICw=",
        "owner": "NixOS",
        "repo": "nixpkgs",
        "rev": "537678cb1ead06fca831077c3b193566cbc3f406",
        "type": "github"
      },
      "original": {
        "id": "nixpkgs",
        "rev": "537678cb1ead06fca831077c3b193566cbc3f406",
        "type": "indirect"
      }
    },
    "pkgs_25_Jul_2021_4": {
      "locked": {
        "lastModified": 1627107260,
        "narHash": "sha256-CwvSwz3kvpp7uEFyOj2Dq6bdtY6P2N0Bzd7ZVgsIICw=",
        "owner": "NixOS",
        "repo": "nixpkgs",
        "rev": "537678cb1ead06fca831077c3b193566cbc3f406",
        "type": "github"
      },
      "original": {
        "id": "nixpkgs",
        "rev": "537678cb1ead06fca831077c3b193566cbc3f406",
        "type": "indirect"
      }
    },
    "pkgs_3": {
      "locked": {
        "lastModified": 1643805626,
        "narHash": "sha256-AXLDVMG+UaAGsGSpOtQHPIKB+IZ0KSd9WS77aanGzgc=",
        "owner": "NixOS",
        "repo": "nixpkgs",
        "rev": "554d2d8aa25b6e583575459c297ec23750adb6cb",
        "type": "github"
      },
      "original": {
        "id": "nixpkgs",
        "rev": "554d2d8aa25b6e583575459c297ec23750adb6cb",
        "type": "indirect"
      }
    },
    "pkgs_4": {
      "locked": {
        "lastModified": 1643805626,
        "narHash": "sha256-AXLDVMG+UaAGsGSpOtQHPIKB+IZ0KSd9WS77aanGzgc=",
        "owner": "NixOS",
        "repo": "nixpkgs",
        "rev": "554d2d8aa25b6e583575459c297ec23750adb6cb",
        "type": "github"
      },
      "original": {
        "id": "nixpkgs",
        "rev": "554d2d8aa25b6e583575459c297ec23750adb6cb",
        "type": "indirect"
      }
    },
    "pre-commit-hooks": {
      "inputs": {
        "flake-compat": "flake-compat",
        "flake-utils": "flake-utils_8",
        "gitignore": "gitignore",
        "nixpkgs": "nixpkgs_4",
        "nixpkgs-stable": "nixpkgs-stable"
      },
      "locked": {
        "lastModified": 1692274144,
        "narHash": "sha256-BxTQuRUANQ81u8DJznQyPmRsg63t4Yc+0kcyq6OLz8s=",
        "owner": "cachix",
        "repo": "pre-commit-hooks.nix",
        "rev": "7e3517c03d46159fdbf8c0e5c97f82d5d4b0c8fa",
        "type": "github"
      },
      "original": {
        "owner": "cachix",
        "repo": "pre-commit-hooks.nix",
        "type": "github"
      }
    },
    "pre-commit-hooks_2": {
      "inputs": {
        "flake-compat": "flake-compat_2",
        "flake-utils": "flake-utils_10",
        "gitignore": "gitignore_2",
        "nixpkgs": "nixpkgs_7",
        "nixpkgs-stable": "nixpkgs-stable_2"
      },
      "locked": {
        "lastModified": 1699271226,
        "narHash": "sha256-8Jt1KW3xTjolD6c6OjJm9USx/jmL+VVmbooADCkdDfU=",
        "owner": "cachix",
        "repo": "pre-commit-hooks.nix",
        "rev": "ea758da1a6dcde6dc36db348ed690d09b9864128",
        "type": "github"
      },
      "original": {
        "owner": "cachix",
        "repo": "pre-commit-hooks.nix",
        "type": "github"
      }
    },
    "root": {
      "inputs": {
        "atomipkgs": "atomipkgs",
        "atomipkgs_classic": "atomipkgs_classic",
        "cyanprint": "cyanprint",
        "flake-utils": "flake-utils_9",
        "nixpkgs": "nixpkgs_6",
        "nixpkgs-2305": "nixpkgs-2305_2",
        "nixpkgs-nov-08-23": "nixpkgs-nov-08-23",
        "pre-commit-hooks": "pre-commit-hooks_2",
        "treefmt-nix": "treefmt-nix_2"
      }
    },
    "rust-analyzer-src": {
      "flake": false,
      "locked": {
        "lastModified": 1695220688,
        "narHash": "sha256-T54aKrnKMI7Cg2mid5h46mWAXd0xc0pYn0fju3dwXf0=",
        "owner": "rust-lang",
        "repo": "rust-analyzer",
        "rev": "d6fef2c7e3be2783369b4b84e320b163b8fd291a",
        "type": "github"
      },
      "original": {
        "owner": "rust-lang",
        "ref": "nightly",
        "repo": "rust-analyzer",
        "type": "github"
      }
    },
    "rust-analyzer-src_2": {
      "flake": false,
      "locked": {
        "lastModified": 1695220688,
        "narHash": "sha256-T54aKrnKMI7Cg2mid5h46mWAXd0xc0pYn0fju3dwXf0=",
        "owner": "rust-lang",
        "repo": "rust-analyzer",
        "rev": "d6fef2c7e3be2783369b4b84e320b163b8fd291a",
        "type": "github"
      },
      "original": {
        "owner": "rust-lang",
        "ref": "nightly",
        "repo": "rust-analyzer",
        "type": "github"
      }
    },
    "rust-analyzer-src_3": {
      "flake": false,
      "locked": {
        "lastModified": 1693734152,
        "narHash": "sha256-Mk35KaY7OkEKNoj3Q3NEJ0PjFhqUd9Ry+NSzd3K1QUw=",
        "owner": "rust-lang",
        "repo": "rust-analyzer",
        "rev": "2df30e1e07eafc1de0359566423f471920693a34",
        "type": "github"
      },
      "original": {
        "owner": "rust-lang",
        "ref": "nightly",
        "repo": "rust-analyzer",
        "type": "github"
      }
    },
    "systems": {
      "locked": {
        "lastModified": 1681028828,
        "narHash": "sha256-Vy1rq5AaRuLzOxct8nz4T6wlgyUR7zLU309k9mBC768=",
        "owner": "nix-systems",
        "repo": "default",
        "rev": "da67096a3b9bf56a91d16901293e51ba5b49a27e",
        "type": "github"
      },
      "original": {
        "owner": "nix-systems",
        "repo": "default",
        "type": "github"
      }
    },
    "systems_10": {
      "locked": {
        "lastModified": 1681028828,
        "narHash": "sha256-Vy1rq5AaRuLzOxct8nz4T6wlgyUR7zLU309k9mBC768=",
        "owner": "nix-systems",
        "repo": "default",
        "rev": "da67096a3b9bf56a91d16901293e51ba5b49a27e",
        "type": "github"
      },
      "original": {
        "owner": "nix-systems",
        "repo": "default",
        "type": "github"
      }
    },
    "systems_2": {
      "locked": {
        "lastModified": 1681028828,
        "narHash": "sha256-Vy1rq5AaRuLzOxct8nz4T6wlgyUR7zLU309k9mBC768=",
        "owner": "nix-systems",
        "repo": "default",
        "rev": "da67096a3b9bf56a91d16901293e51ba5b49a27e",
        "type": "github"
      },
      "original": {
        "owner": "nix-systems",
        "repo": "default",
        "type": "github"
      }
    },
    "systems_3": {
      "locked": {
        "lastModified": 1681028828,
        "narHash": "sha256-Vy1rq5AaRuLzOxct8nz4T6wlgyUR7zLU309k9mBC768=",
        "owner": "nix-systems",
        "repo": "default",
        "rev": "da67096a3b9bf56a91d16901293e51ba5b49a27e",
        "type": "github"
      },
      "original": {
        "owner": "nix-systems",
        "repo": "default",
        "type": "github"
      }
    },
    "systems_4": {
      "locked": {
        "lastModified": 1681028828,
        "narHash": "sha256-Vy1rq5AaRuLzOxct8nz4T6wlgyUR7zLU309k9mBC768=",
        "owner": "nix-systems",
        "repo": "default",
        "rev": "da67096a3b9bf56a91d16901293e51ba5b49a27e",
        "type": "github"
      },
      "original": {
        "owner": "nix-systems",
        "repo": "default",
        "type": "github"
      }
    },
    "systems_5": {
      "locked": {
        "lastModified": 1681028828,
        "narHash": "sha256-Vy1rq5AaRuLzOxct8nz4T6wlgyUR7zLU309k9mBC768=",
        "owner": "nix-systems",
        "repo": "default",
        "rev": "da67096a3b9bf56a91d16901293e51ba5b49a27e",
        "type": "github"
      },
      "original": {
        "owner": "nix-systems",
        "repo": "default",
        "type": "github"
      }
    },
    "systems_6": {
      "locked": {
        "lastModified": 1681028828,
        "narHash": "sha256-Vy1rq5AaRuLzOxct8nz4T6wlgyUR7zLU309k9mBC768=",
        "owner": "nix-systems",
        "repo": "default",
        "rev": "da67096a3b9bf56a91d16901293e51ba5b49a27e",
        "type": "github"
      },
      "original": {
        "owner": "nix-systems",
        "repo": "default",
        "type": "github"
      }
    },
    "systems_7": {
      "locked": {
        "lastModified": 1681028828,
        "narHash": "sha256-Vy1rq5AaRuLzOxct8nz4T6wlgyUR7zLU309k9mBC768=",
        "owner": "nix-systems",
        "repo": "default",
        "rev": "da67096a3b9bf56a91d16901293e51ba5b49a27e",
        "type": "github"
      },
      "original": {
        "owner": "nix-systems",
        "repo": "default",
        "type": "github"
      }
    },
    "systems_8": {
      "locked": {
        "lastModified": 1681028828,
        "narHash": "sha256-Vy1rq5AaRuLzOxct8nz4T6wlgyUR7zLU309k9mBC768=",
        "owner": "nix-systems",
        "repo": "default",
        "rev": "da67096a3b9bf56a91d16901293e51ba5b49a27e",
        "type": "github"
      },
      "original": {
        "owner": "nix-systems",
        "repo": "default",
        "type": "github"
      }
    },
    "systems_9": {
      "locked": {
        "lastModified": 1681028828,
        "narHash": "sha256-Vy1rq5AaRuLzOxct8nz4T6wlgyUR7zLU309k9mBC768=",
        "owner": "nix-systems",
        "repo": "default",
        "rev": "da67096a3b9bf56a91d16901293e51ba5b49a27e",
        "type": "github"
      },
      "original": {
        "owner": "nix-systems",
        "repo": "default",
        "type": "github"
      }
    },
    "treefmt-nix": {
      "inputs": {
        "nixpkgs": "nixpkgs_5"
      },
      "locked": {
        "lastModified": 1693817438,
        "narHash": "sha256-fg3+n4Ky1gCzDtPm0MomMTFw0YkH05Y8ojy5t7bkfHg=",
        "owner": "numtide",
        "repo": "treefmt-nix",
        "rev": "b8d3a059f5487d6767d07c3716386753e3132d9f",
        "type": "github"
      },
      "original": {
        "owner": "numtide",
        "repo": "treefmt-nix",
        "type": "github"
      }
    },
    "treefmt-nix_2": {
      "inputs": {
        "nixpkgs": "nixpkgs_8"
      },
      "locked": {
        "lastModified": 1699786194,
        "narHash": "sha256-3h3EH1FXQkIeAuzaWB+nK0XK54uSD46pp+dMD3gAcB4=",
        "owner": "numtide",
        "repo": "treefmt-nix",
        "rev": "e82f32aa7f06bbbd56d7b12186d555223dc399d1",
        "type": "github"
      },
      "original": {
        "owner": "numtide",
        "repo": "treefmt-nix",
        "type": "github"
      }
    }
  },
  "root": "root",
  "version": 7
}
